// !$*UTF8*$!
{
	archiveVersion = 1;
	classes = {
	};
	objectVersion = 46;
	objects = {

/* Begin PBXBuildFile section */
		2267F2E6162EB4D60061BEF3 /* Default-568h@2x.png in Resources */ = {isa = PBXBuildFile; fileRef = 2267F2E5162EB4D60061BEF3 /* Default-568h@2x.png */; };
		2267F2F4162EB9900061BEF3 /* NVService.m in Sources */ = {isa = PBXBuildFile; fileRef = 2267F2F3162EB9900061BEF3 /* NVService.m */; };
		E18F904D15BFC216004C44C4 /* UIKit.framework in Frameworks */ = {isa = PBXBuildFile; fileRef = E18F904C15BFC216004C44C4 /* UIKit.framework */; };
		E18F904F15BFC216004C44C4 /* Foundation.framework in Frameworks */ = {isa = PBXBuildFile; fileRef = E18F904E15BFC216004C44C4 /* Foundation.framework */; };
		E18F905115BFC216004C44C4 /* CoreGraphics.framework in Frameworks */ = {isa = PBXBuildFile; fileRef = E18F905015BFC216004C44C4 /* CoreGraphics.framework */; };
		E18F905715BFC216004C44C4 /* InfoPlist.strings in Resources */ = {isa = PBXBuildFile; fileRef = E18F905515BFC216004C44C4 /* InfoPlist.strings */; };
		E18F905915BFC216004C44C4 /* main.m in Sources */ = {isa = PBXBuildFile; fileRef = E18F905815BFC216004C44C4 /* main.m */; };
		E18F905D15BFC216004C44C4 /* NSAppDelegate.m in Sources */ = {isa = PBXBuildFile; fileRef = E18F905C15BFC216004C44C4 /* NSAppDelegate.m */; };
		E1BB68D215C23ADF00EE1DBC /* SenTestingKit.framework in Frameworks */ = {isa = PBXBuildFile; fileRef = E1E9322F15C237CC003E9E62 /* SenTestingKit.framework */; };
		E1BB68D315C23ADF00EE1DBC /* UIKit.framework in Frameworks */ = {isa = PBXBuildFile; fileRef = E18F904C15BFC216004C44C4 /* UIKit.framework */; };
		E1BB68D415C23ADF00EE1DBC /* Foundation.framework in Frameworks */ = {isa = PBXBuildFile; fileRef = E18F904E15BFC216004C44C4 /* Foundation.framework */; };
		E1BB68DA15C23ADF00EE1DBC /* InfoPlist.strings in Resources */ = {isa = PBXBuildFile; fileRef = E1BB68D815C23ADF00EE1DBC /* InfoPlist.strings */; };
		E1BB68DD15C23ADF00EE1DBC /* NVDispatchTest.m in Sources */ = {isa = PBXBuildFile; fileRef = E1BB68DC15C23ADF00EE1DBC /* NVDispatchTest.m */; };
		E1BB68F215C25E3C00EE1DBC /* NVData.m in Sources */ = {isa = PBXBuildFile; fileRef = E1E9321315C23773003E9E62 /* NVData.m */; };
		E1BB68F315C25E3C00EE1DBC /* NVGroup.m in Sources */ = {isa = PBXBuildFile; fileRef = E1E9321715C23773003E9E62 /* NVGroup.m */; };
		E1BB68F415C25E3C00EE1DBC /* NVInternal.m in Sources */ = {isa = PBXBuildFile; fileRef = E1E9321915C23773003E9E62 /* NVInternal.m */; };
		E1BB68F515C25E3C00EE1DBC /* NVIOInterface.m in Sources */ = {isa = PBXBuildFile; fileRef = E1E9321B15C23773003E9E62 /* NVIOInterface.m */; };
		E1BB68F615C25E3C00EE1DBC /* NVQueue.m in Sources */ = {isa = PBXBuildFile; fileRef = E1E9321F15C23773003E9E62 /* NVQueue.m */; };
		E1BB68F715C25E3C00EE1DBC /* NVSemaphore.m in Sources */ = {isa = PBXBuildFile; fileRef = E1E9322115C23773003E9E62 /* NVSemaphore.m */; };
		E1BB68F815C25E3C00EE1DBC /* NVSource.m in Sources */ = {isa = PBXBuildFile; fileRef = E1E9322315C23773003E9E62 /* NVSource.m */; };
		E1BB68F915C25E3C00EE1DBC /* NSAppDelegate.m in Sources */ = {isa = PBXBuildFile; fileRef = E18F905C15BFC216004C44C4 /* NSAppDelegate.m */; };
		E1BB68FD15C2641A00EE1DBC /* NVObject.m in Sources */ = {isa = PBXBuildFile; fileRef = E1BB68FC15C2641A00EE1DBC /* NVObject.m */; };
		E1BB68FE15C26EB500EE1DBC /* NVObject.m in Sources */ = {isa = PBXBuildFile; fileRef = E1BB68FC15C2641A00EE1DBC /* NVObject.m */; };
		E1BB690B15C27AE100EE1DBC /* NVTimer.m in Sources */ = {isa = PBXBuildFile; fileRef = E1BB690A15C27AE000EE1DBC /* NVTimer.m */; };
		E1BB690C15C27AE100EE1DBC /* NVTimer.m in Sources */ = {isa = PBXBuildFile; fileRef = E1BB690A15C27AE000EE1DBC /* NVTimer.m */; };
		E1BB690F15C27B4600EE1DBC /* NVFileSource.m in Sources */ = {isa = PBXBuildFile; fileRef = E1BB690E15C27B4600EE1DBC /* NVFileSource.m */; };
		E1BB691015C27B4600EE1DBC /* NVFileSource.m in Sources */ = {isa = PBXBuildFile; fileRef = E1BB690E15C27B4600EE1DBC /* NVFileSource.m */; };
		E1BB691315C27FBB00EE1DBC /* NVNodeSource.m in Sources */ = {isa = PBXBuildFile; fileRef = E1BB691215C27FBA00EE1DBC /* NVNodeSource.m */; };
		E1BB691415C27FBB00EE1DBC /* NVNodeSource.m in Sources */ = {isa = PBXBuildFile; fileRef = E1BB691215C27FBA00EE1DBC /* NVNodeSource.m */; };
		E1BB691715C2822100EE1DBC /* NVMachSource.m in Sources */ = {isa = PBXBuildFile; fileRef = E1BB691615C2822000EE1DBC /* NVMachSource.m */; };
		E1BB691815C2822100EE1DBC /* NVMachSource.m in Sources */ = {isa = PBXBuildFile; fileRef = E1BB691615C2822000EE1DBC /* NVMachSource.m */; };
		E1BB691B15C282DC00EE1DBC /* NVProcessSource.m in Sources */ = {isa = PBXBuildFile; fileRef = E1BB691A15C282DB00EE1DBC /* NVProcessSource.m */; };
		E1BB691C15C282DC00EE1DBC /* NVProcessSource.m in Sources */ = {isa = PBXBuildFile; fileRef = E1BB691A15C282DB00EE1DBC /* NVProcessSource.m */; };
		E1BB691F15C282F000EE1DBC /* NVSignalSource.m in Sources */ = {isa = PBXBuildFile; fileRef = E1BB691E15C282EF00EE1DBC /* NVSignalSource.m */; };
		E1BB692015C282F000EE1DBC /* NVSignalSource.m in Sources */ = {isa = PBXBuildFile; fileRef = E1BB691E15C282EF00EE1DBC /* NVSignalSource.m */; };
		E1E9322515C23773003E9E62 /* NVData.m in Sources */ = {isa = PBXBuildFile; fileRef = E1E9321315C23773003E9E62 /* NVData.m */; };
		E1E9322715C23773003E9E62 /* NVGroup.m in Sources */ = {isa = PBXBuildFile; fileRef = E1E9321715C23773003E9E62 /* NVGroup.m */; };
		E1E9322815C23773003E9E62 /* NVInternal.m in Sources */ = {isa = PBXBuildFile; fileRef = E1E9321915C23773003E9E62 /* NVInternal.m */; };
		E1E9322915C23773003E9E62 /* NVIOInterface.m in Sources */ = {isa = PBXBuildFile; fileRef = E1E9321B15C23773003E9E62 /* NVIOInterface.m */; };
		E1E9322B15C23773003E9E62 /* NVQueue.m in Sources */ = {isa = PBXBuildFile; fileRef = E1E9321F15C23773003E9E62 /* NVQueue.m */; };
		E1E9322C15C23773003E9E62 /* NVSemaphore.m in Sources */ = {isa = PBXBuildFile; fileRef = E1E9322115C23773003E9E62 /* NVSemaphore.m */; };
		E1E9322D15C23773003E9E62 /* NVSource.m in Sources */ = {isa = PBXBuildFile; fileRef = E1E9322315C23773003E9E62 /* NVSource.m */; };
/* End PBXBuildFile section */

/* Begin PBXFileReference section */
		2267F2E5162EB4D60061BEF3 /* Default-568h@2x.png */ = {isa = PBXFileReference; lastKnownFileType = image.png; path = "Default-568h@2x.png"; sourceTree = "<group>"; };
		2267F2F2162EB9900061BEF3 /* NVService.h */ = {isa = PBXFileReference; fileEncoding = 4; lastKnownFileType = sourcecode.c.h; path = NVService.h; sourceTree = "<group>"; };
		2267F2F3162EB9900061BEF3 /* NVService.m */ = {isa = PBXFileReference; fileEncoding = 4; lastKnownFileType = sourcecode.c.objc; path = NVService.m; sourceTree = "<group>"; };
		E18F904815BFC216004C44C4 /* NSDispatch.app */ = {isa = PBXFileReference; explicitFileType = wrapper.application; includeInIndex = 0; path = NSDispatch.app; sourceTree = BUILT_PRODUCTS_DIR; };
		E18F904C15BFC216004C44C4 /* UIKit.framework */ = {isa = PBXFileReference; lastKnownFileType = wrapper.framework; name = UIKit.framework; path = System/Library/Frameworks/UIKit.framework; sourceTree = SDKROOT; };
		E18F904E15BFC216004C44C4 /* Foundation.framework */ = {isa = PBXFileReference; lastKnownFileType = wrapper.framework; name = Foundation.framework; path = System/Library/Frameworks/Foundation.framework; sourceTree = SDKROOT; };
		E18F905015BFC216004C44C4 /* CoreGraphics.framework */ = {isa = PBXFileReference; lastKnownFileType = wrapper.framework; name = CoreGraphics.framework; path = System/Library/Frameworks/CoreGraphics.framework; sourceTree = SDKROOT; };
		E18F905415BFC216004C44C4 /* NSDispatch-Info.plist */ = {isa = PBXFileReference; lastKnownFileType = text.plist.xml; path = "NSDispatch-Info.plist"; sourceTree = "<group>"; };
		E18F905615BFC216004C44C4 /* en */ = {isa = PBXFileReference; lastKnownFileType = text.plist.strings; name = en; path = en.lproj/InfoPlist.strings; sourceTree = "<group>"; };
		E18F905815BFC216004C44C4 /* main.m */ = {isa = PBXFileReference; lastKnownFileType = sourcecode.c.objc; path = main.m; sourceTree = "<group>"; };
		E18F905A15BFC216004C44C4 /* NSDispatch-Prefix.pch */ = {isa = PBXFileReference; lastKnownFileType = sourcecode.c.h; path = "NSDispatch-Prefix.pch"; sourceTree = "<group>"; };
		E18F905B15BFC216004C44C4 /* NSAppDelegate.h */ = {isa = PBXFileReference; lastKnownFileType = sourcecode.c.h; path = NSAppDelegate.h; sourceTree = "<group>"; };
		E18F905C15BFC216004C44C4 /* NSAppDelegate.m */ = {isa = PBXFileReference; lastKnownFileType = sourcecode.c.objc; path = NSAppDelegate.m; sourceTree = "<group>"; };
		E1BB68D115C23ADF00EE1DBC /* NVDispatchTest.octest */ = {isa = PBXFileReference; explicitFileType = wrapper.cfbundle; includeInIndex = 0; path = NVDispatchTest.octest; sourceTree = BUILT_PRODUCTS_DIR; };
		E1BB68D715C23ADF00EE1DBC /* NVDispatchTest-Info.plist */ = {isa = PBXFileReference; lastKnownFileType = text.plist.xml; path = "NVDispatchTest-Info.plist"; sourceTree = "<group>"; };
		E1BB68D915C23ADF00EE1DBC /* en */ = {isa = PBXFileReference; lastKnownFileType = text.plist.strings; name = en; path = en.lproj/InfoPlist.strings; sourceTree = "<group>"; };
		E1BB68DB15C23ADF00EE1DBC /* NVDispatchTest.h */ = {isa = PBXFileReference; lastKnownFileType = sourcecode.c.h; path = NVDispatchTest.h; sourceTree = "<group>"; };
		E1BB68DC15C23ADF00EE1DBC /* NVDispatchTest.m */ = {isa = PBXFileReference; lastKnownFileType = sourcecode.c.objc; path = NVDispatchTest.m; sourceTree = "<group>"; };
		E1BB68DE15C23ADF00EE1DBC /* NVDispatchTest-Prefix.pch */ = {isa = PBXFileReference; lastKnownFileType = sourcecode.c.h; path = "NVDispatchTest-Prefix.pch"; sourceTree = "<group>"; };
		E1BB68EF15C25AF000EE1DBC /* NVDispatchTypes.h */ = {isa = PBXFileReference; fileEncoding = 4; lastKnownFileType = sourcecode.c.h; path = NVDispatchTypes.h; sourceTree = "<group>"; };
		E1BB68FB15C2641A00EE1DBC /* NVObject.h */ = {isa = PBXFileReference; fileEncoding = 4; lastKnownFileType = sourcecode.c.h; path = NVObject.h; sourceTree = "<group>"; };
		E1BB68FC15C2641A00EE1DBC /* NVObject.m */ = {isa = PBXFileReference; fileEncoding = 4; lastKnownFileType = sourcecode.c.objc; path = NVObject.m; sourceTree = "<group>"; };
		E1BB690915C27AE000EE1DBC /* NVTimer.h */ = {isa = PBXFileReference; fileEncoding = 4; lastKnownFileType = sourcecode.c.h; path = NVTimer.h; sourceTree = "<group>"; };
		E1BB690A15C27AE000EE1DBC /* NVTimer.m */ = {isa = PBXFileReference; fileEncoding = 4; lastKnownFileType = sourcecode.c.objc; path = NVTimer.m; sourceTree = "<group>"; };
		E1BB690D15C27B4500EE1DBC /* NVFileSource.h */ = {isa = PBXFileReference; fileEncoding = 4; lastKnownFileType = sourcecode.c.h; path = NVFileSource.h; sourceTree = "<group>"; };
		E1BB690E15C27B4600EE1DBC /* NVFileSource.m */ = {isa = PBXFileReference; fileEncoding = 4; lastKnownFileType = sourcecode.c.objc; path = NVFileSource.m; sourceTree = "<group>"; };
		E1BB691115C27FBA00EE1DBC /* NVNodeSource.h */ = {isa = PBXFileReference; fileEncoding = 4; lastKnownFileType = sourcecode.c.h; path = NVNodeSource.h; sourceTree = "<group>"; };
		E1BB691215C27FBA00EE1DBC /* NVNodeSource.m */ = {isa = PBXFileReference; fileEncoding = 4; lastKnownFileType = sourcecode.c.objc; path = NVNodeSource.m; sourceTree = "<group>"; };
		E1BB691515C2821F00EE1DBC /* NVMachSource.h */ = {isa = PBXFileReference; fileEncoding = 4; lastKnownFileType = sourcecode.c.h; path = NVMachSource.h; sourceTree = "<group>"; };
		E1BB691615C2822000EE1DBC /* NVMachSource.m */ = {isa = PBXFileReference; fileEncoding = 4; lastKnownFileType = sourcecode.c.objc; path = NVMachSource.m; sourceTree = "<group>"; };
		E1BB691915C282DB00EE1DBC /* NVProcessSource.h */ = {isa = PBXFileReference; fileEncoding = 4; lastKnownFileType = sourcecode.c.h; path = NVProcessSource.h; sourceTree = "<group>"; };
		E1BB691A15C282DB00EE1DBC /* NVProcessSource.m */ = {isa = PBXFileReference; fileEncoding = 4; lastKnownFileType = sourcecode.c.objc; path = NVProcessSource.m; sourceTree = "<group>"; };
		E1BB691D15C282EF00EE1DBC /* NVSignalSource.h */ = {isa = PBXFileReference; fileEncoding = 4; lastKnownFileType = sourcecode.c.h; path = NVSignalSource.h; sourceTree = "<group>"; };
		E1BB691E15C282EF00EE1DBC /* NVSignalSource.m */ = {isa = PBXFileReference; fileEncoding = 4; lastKnownFileType = sourcecode.c.objc; path = NVSignalSource.m; sourceTree = "<group>"; };
		E1E9321215C23773003E9E62 /* NVData.h */ = {isa = PBXFileReference; fileEncoding = 4; lastKnownFileType = sourcecode.c.h; path = NVData.h; sourceTree = "<group>"; };
		E1E9321315C23773003E9E62 /* NVData.m */ = {isa = PBXFileReference; fileEncoding = 4; lastKnownFileType = sourcecode.c.objc; path = NVData.m; sourceTree = "<group>"; };
		E1E9321415C23773003E9E62 /* NVDispatch.h */ = {isa = PBXFileReference; fileEncoding = 4; lastKnownFileType = sourcecode.c.h; path = NVDispatch.h; sourceTree = "<group>"; };
		E1E9321615C23773003E9E62 /* NVGroup.h */ = {isa = PBXFileReference; fileEncoding = 4; lastKnownFileType = sourcecode.c.h; path = NVGroup.h; sourceTree = "<group>"; };
		E1E9321715C23773003E9E62 /* NVGroup.m */ = {isa = PBXFileReference; fileEncoding = 4; lastKnownFileType = sourcecode.c.objc; path = NVGroup.m; sourceTree = "<group>"; };
		E1E9321815C23773003E9E62 /* NVInternal.h */ = {isa = PBXFileReference; fileEncoding = 4; lastKnownFileType = sourcecode.c.h; path = NVInternal.h; sourceTree = "<group>"; };
		E1E9321915C23773003E9E62 /* NVInternal.m */ = {isa = PBXFileReference; fileEncoding = 4; lastKnownFileType = sourcecode.c.objc; path = NVInternal.m; sourceTree = "<group>"; };
		E1E9321A15C23773003E9E62 /* NVIOInterface.h */ = {isa = PBXFileReference; fileEncoding = 4; lastKnownFileType = sourcecode.c.h; path = NVIOInterface.h; sourceTree = "<group>"; };
		E1E9321B15C23773003E9E62 /* NVIOInterface.m */ = {isa = PBXFileReference; fileEncoding = 4; lastKnownFileType = sourcecode.c.objc; path = NVIOInterface.m; sourceTree = "<group>"; };
		E1E9321E15C23773003E9E62 /* NVQueue.h */ = {isa = PBXFileReference; fileEncoding = 4; lastKnownFileType = sourcecode.c.h; path = NVQueue.h; sourceTree = "<group>"; };
		E1E9321F15C23773003E9E62 /* NVQueue.m */ = {isa = PBXFileReference; fileEncoding = 4; lastKnownFileType = sourcecode.c.objc; path = NVQueue.m; sourceTree = "<group>"; };
		E1E9322015C23773003E9E62 /* NVSemaphore.h */ = {isa = PBXFileReference; fileEncoding = 4; lastKnownFileType = sourcecode.c.h; path = NVSemaphore.h; sourceTree = "<group>"; };
		E1E9322115C23773003E9E62 /* NVSemaphore.m */ = {isa = PBXFileReference; fileEncoding = 4; lastKnownFileType = sourcecode.c.objc; path = NVSemaphore.m; sourceTree = "<group>"; };
		E1E9322215C23773003E9E62 /* NVSource.h */ = {isa = PBXFileReference; fileEncoding = 4; lastKnownFileType = sourcecode.c.h; path = NVSource.h; sourceTree = "<group>"; };
		E1E9322315C23773003E9E62 /* NVSource.m */ = {isa = PBXFileReference; fileEncoding = 4; lastKnownFileType = sourcecode.c.objc; path = NVSource.m; sourceTree = "<group>"; };
		E1E9322F15C237CC003E9E62 /* SenTestingKit.framework */ = {isa = PBXFileReference; lastKnownFileType = wrapper.framework; name = SenTestingKit.framework; path = Library/Frameworks/SenTestingKit.framework; sourceTree = DEVELOPER_DIR; };
/* End PBXFileReference section */

/* Begin PBXFrameworksBuildPhase section */
		E18F904515BFC216004C44C4 /* Frameworks */ = {
			isa = PBXFrameworksBuildPhase;
			buildActionMask = 2147483647;
			files = (
				E18F904D15BFC216004C44C4 /* UIKit.framework in Frameworks */,
				E18F904F15BFC216004C44C4 /* Foundation.framework in Frameworks */,
				E18F905115BFC216004C44C4 /* CoreGraphics.framework in Frameworks */,
			);
			runOnlyForDeploymentPostprocessing = 0;
		};
		E1BB68CD15C23ADF00EE1DBC /* Frameworks */ = {
			isa = PBXFrameworksBuildPhase;
			buildActionMask = 2147483647;
			files = (
				E1BB68D215C23ADF00EE1DBC /* SenTestingKit.framework in Frameworks */,
				E1BB68D315C23ADF00EE1DBC /* UIKit.framework in Frameworks */,
				E1BB68D415C23ADF00EE1DBC /* Foundation.framework in Frameworks */,
			);
			runOnlyForDeploymentPostprocessing = 0;
		};
/* End PBXFrameworksBuildPhase section */

/* Begin PBXGroup section */
		E18F903D15BFC216004C44C4 = {
			isa = PBXGroup;
			children = (
				2267F2E5162EB4D60061BEF3 /* Default-568h@2x.png */,
				E18F905215BFC216004C44C4 /* NSDispatch */,
				E1BB68D515C23ADF00EE1DBC /* NVDispatchTest */,
				E18F904B15BFC216004C44C4 /* Frameworks */,
				E18F904915BFC216004C44C4 /* Products */,
			);
			sourceTree = "<group>";
		};
		E18F904915BFC216004C44C4 /* Products */ = {
			isa = PBXGroup;
			children = (
				E18F904815BFC216004C44C4 /* NSDispatch.app */,
				E1BB68D115C23ADF00EE1DBC /* NVDispatchTest.octest */,
			);
			name = Products;
			sourceTree = "<group>";
		};
		E18F904B15BFC216004C44C4 /* Frameworks */ = {
			isa = PBXGroup;
			children = (
				E1E9322F15C237CC003E9E62 /* SenTestingKit.framework */,
				E18F904C15BFC216004C44C4 /* UIKit.framework */,
				E18F904E15BFC216004C44C4 /* Foundation.framework */,
				E18F905015BFC216004C44C4 /* CoreGraphics.framework */,
			);
			name = Frameworks;
			sourceTree = "<group>";
		};
		E18F905215BFC216004C44C4 /* NSDispatch */ = {
			isa = PBXGroup;
			children = (
				E1E9321115C23773003E9E62 /* NVDispatch */,
				E18F905B15BFC216004C44C4 /* NSAppDelegate.h */,
				E18F905C15BFC216004C44C4 /* NSAppDelegate.m */,
				E18F905315BFC216004C44C4 /* Supporting Files */,
			);
			path = NSDispatch;
			sourceTree = "<group>";
		};
		E18F905315BFC216004C44C4 /* Supporting Files */ = {
			isa = PBXGroup;
			children = (
				E18F905415BFC216004C44C4 /* NSDispatch-Info.plist */,
				E18F905515BFC216004C44C4 /* InfoPlist.strings */,
				E18F905815BFC216004C44C4 /* main.m */,
				E18F905A15BFC216004C44C4 /* NSDispatch-Prefix.pch */,
			);
			name = "Supporting Files";
			sourceTree = "<group>";
		};
		E1BB68D515C23ADF00EE1DBC /* NVDispatchTest */ = {
			isa = PBXGroup;
			children = (
				E1BB68DB15C23ADF00EE1DBC /* NVDispatchTest.h */,
				E1BB68DC15C23ADF00EE1DBC /* NVDispatchTest.m */,
				E1BB68D615C23ADF00EE1DBC /* Supporting Files */,
			);
			path = NVDispatchTest;
			sourceTree = "<group>";
		};
		E1BB68D615C23ADF00EE1DBC /* Supporting Files */ = {
			isa = PBXGroup;
			children = (
				E1BB68D715C23ADF00EE1DBC /* NVDispatchTest-Info.plist */,
				E1BB68D815C23ADF00EE1DBC /* InfoPlist.strings */,
				E1BB68DE15C23ADF00EE1DBC /* NVDispatchTest-Prefix.pch */,
			);
			name = "Supporting Files";
			sourceTree = "<group>";
		};
		E1BB692115C2860D00EE1DBC /* Source */ = {
			isa = PBXGroup;
			children = (
				E1BB690D15C27B4500EE1DBC /* NVFileSource.h */,
				E1BB690E15C27B4600EE1DBC /* NVFileSource.m */,
				E1BB691515C2821F00EE1DBC /* NVMachSource.h */,
				E1BB691615C2822000EE1DBC /* NVMachSource.m */,
				E1BB691115C27FBA00EE1DBC /* NVNodeSource.h */,
				E1BB691215C27FBA00EE1DBC /* NVNodeSource.m */,
				E1BB691915C282DB00EE1DBC /* NVProcessSource.h */,
				E1BB691A15C282DB00EE1DBC /* NVProcessSource.m */,
				E1BB691D15C282EF00EE1DBC /* NVSignalSource.h */,
				E1BB691E15C282EF00EE1DBC /* NVSignalSource.m */,
				E1E9322215C23773003E9E62 /* NVSource.h */,
				E1E9322315C23773003E9E62 /* NVSource.m */,
				E1BB690915C27AE000EE1DBC /* NVTimer.h */,
				E1BB690A15C27AE000EE1DBC /* NVTimer.m */,
			);
			name = Source;
			sourceTree = "<group>";
		};
		E1E9321115C23773003E9E62 /* NVDispatch */ = {
			isa = PBXGroup;
			children = (
				E1BB692115C2860D00EE1DBC /* Source */,
				E1E9321215C23773003E9E62 /* NVData.h */,
				E1E9321315C23773003E9E62 /* NVData.m */,
				E1E9321415C23773003E9E62 /* NVDispatch.h */,
				E1BB68EF15C25AF000EE1DBC /* NVDispatchTypes.h */,
				E1E9321615C23773003E9E62 /* NVGroup.h */,
				E1E9321715C23773003E9E62 /* NVGroup.m */,
				E1E9321815C23773003E9E62 /* NVInternal.h */,
				E1E9321915C23773003E9E62 /* NVInternal.m */,
				E1E9321A15C23773003E9E62 /* NVIOInterface.h */,
				E1E9321B15C23773003E9E62 /* NVIOInterface.m */,
				E1BB68FB15C2641A00EE1DBC /* NVObject.h */,
				E1BB68FC15C2641A00EE1DBC /* NVObject.m */,
				E1E9321E15C23773003E9E62 /* NVQueue.h */,
				E1E9321F15C23773003E9E62 /* NVQueue.m */,
				E1E9322015C23773003E9E62 /* NVSemaphore.h */,
				E1E9322115C23773003E9E62 /* NVSemaphore.m */,
				2267F2F2162EB9900061BEF3 /* NVService.h */,
				2267F2F3162EB9900061BEF3 /* NVService.m */,
			);
			path = NVDispatch;
			sourceTree = "<group>";
		};
/* End PBXGroup section */

/* Begin PBXNativeTarget section */
		E18F904715BFC216004C44C4 /* NSDispatch */ = {
			isa = PBXNativeTarget;
			buildConfigurationList = E18F906015BFC216004C44C4 /* Build configuration list for PBXNativeTarget "NSDispatch" */;
			buildPhases = (
				E18F904415BFC216004C44C4 /* Sources */,
				E18F904515BFC216004C44C4 /* Frameworks */,
				E18F904615BFC216004C44C4 /* Resources */,
			);
			buildRules = (
			);
			dependencies = (
			);
			name = NSDispatch;
			productName = NSDispatch;
			productReference = E18F904815BFC216004C44C4 /* NSDispatch.app */;
			productType = "com.apple.product-type.application";
		};
		E1BB68D015C23ADF00EE1DBC /* NVDispatchTest */ = {
			isa = PBXNativeTarget;
			buildConfigurationList = E1BB68E115C23ADF00EE1DBC /* Build configuration list for PBXNativeTarget "NVDispatchTest" */;
			buildPhases = (
				E1BB68CC15C23ADF00EE1DBC /* Sources */,
				E1BB68CD15C23ADF00EE1DBC /* Frameworks */,
				E1BB68CE15C23ADF00EE1DBC /* Resources */,
				E1BB68CF15C23ADF00EE1DBC /* ShellScript */,
			);
			buildRules = (
			);
			dependencies = (
			);
			name = NVDispatchTest;
			productName = NVDispatchTest;
			productReference = E1BB68D115C23ADF00EE1DBC /* NVDispatchTest.octest */;
			productType = "com.apple.product-type.bundle";
		};
/* End PBXNativeTarget section */

/* Begin PBXProject section */
		E18F903F15BFC216004C44C4 /* Project object */ = {
			isa = PBXProject;
			attributes = {
				CLASSPREFIX = NS;
				LastUpgradeCheck = 0450;
				ORGANIZATIONNAME = tearsofphoenix;
			};
			buildConfigurationList = E18F904215BFC216004C44C4 /* Build configuration list for PBXProject "NSDispatch" */;
			compatibilityVersion = "Xcode 3.2";
			developmentRegion = English;
			hasScannedForEncodings = 0;
			knownRegions = (
				en,
			);
			mainGroup = E18F903D15BFC216004C44C4;
			productRefGroup = E18F904915BFC216004C44C4 /* Products */;
			projectDirPath = "";
			projectRoot = "";
			targets = (
				E18F904715BFC216004C44C4 /* NSDispatch */,
				E1BB68D015C23ADF00EE1DBC /* NVDispatchTest */,
			);
		};
/* End PBXProject section */

/* Begin PBXResourcesBuildPhase section */
		E18F904615BFC216004C44C4 /* Resources */ = {
			isa = PBXResourcesBuildPhase;
			buildActionMask = 2147483647;
			files = (
				E18F905715BFC216004C44C4 /* InfoPlist.strings in Resources */,
				2267F2E6162EB4D60061BEF3 /* Default-568h@2x.png in Resources */,
			);
			runOnlyForDeploymentPostprocessing = 0;
		};
		E1BB68CE15C23ADF00EE1DBC /* Resources */ = {
			isa = PBXResourcesBuildPhase;
			buildActionMask = 2147483647;
			files = (
				E1BB68DA15C23ADF00EE1DBC /* InfoPlist.strings in Resources */,
			);
			runOnlyForDeploymentPostprocessing = 0;
		};
/* End PBXResourcesBuildPhase section */

/* Begin PBXShellScriptBuildPhase section */
		E1BB68CF15C23ADF00EE1DBC /* ShellScript */ = {
			isa = PBXShellScriptBuildPhase;
			buildActionMask = 2147483647;
			files = (
			);
			inputPaths = (
			);
			outputPaths = (
			);
			runOnlyForDeploymentPostprocessing = 0;
			shellPath = /bin/sh;
			shellScript = "# Run the unit tests in this test bundle.\n\"${SYSTEM_DEVELOPER_DIR}/Tools/RunUnitTests\"\n";
		};
/* End PBXShellScriptBuildPhase section */

/* Begin PBXSourcesBuildPhase section */
		E18F904415BFC216004C44C4 /* Sources */ = {
			isa = PBXSourcesBuildPhase;
			buildActionMask = 2147483647;
			files = (
				E18F905915BFC216004C44C4 /* main.m in Sources */,
				E18F905D15BFC216004C44C4 /* NSAppDelegate.m in Sources */,
				E1E9322515C23773003E9E62 /* NVData.m in Sources */,
				E1E9322715C23773003E9E62 /* NVGroup.m in Sources */,
				E1E9322815C23773003E9E62 /* NVInternal.m in Sources */,
				E1E9322915C23773003E9E62 /* NVIOInterface.m in Sources */,
				E1E9322B15C23773003E9E62 /* NVQueue.m in Sources */,
				E1E9322C15C23773003E9E62 /* NVSemaphore.m in Sources */,
				E1E9322D15C23773003E9E62 /* NVSource.m in Sources */,
				E1BB68FD15C2641A00EE1DBC /* NVObject.m in Sources */,
				E1BB690B15C27AE100EE1DBC /* NVTimer.m in Sources */,
				E1BB690F15C27B4600EE1DBC /* NVFileSource.m in Sources */,
				E1BB691315C27FBB00EE1DBC /* NVNodeSource.m in Sources */,
				E1BB691715C2822100EE1DBC /* NVMachSource.m in Sources */,
				E1BB691B15C282DC00EE1DBC /* NVProcessSource.m in Sources */,
				E1BB691F15C282F000EE1DBC /* NVSignalSource.m in Sources */,
				2267F2F4162EB9900061BEF3 /* NVService.m in Sources */,
			);
			runOnlyForDeploymentPostprocessing = 0;
		};
		E1BB68CC15C23ADF00EE1DBC /* Sources */ = {
			isa = PBXSourcesBuildPhase;
			buildActionMask = 2147483647;
			files = (
				E1BB68FE15C26EB500EE1DBC /* NVObject.m in Sources */,
				E1BB68F215C25E3C00EE1DBC /* NVData.m in Sources */,
				E1BB68F315C25E3C00EE1DBC /* NVGroup.m in Sources */,
				E1BB68F415C25E3C00EE1DBC /* NVInternal.m in Sources */,
				E1BB68F515C25E3C00EE1DBC /* NVIOInterface.m in Sources */,
				E1BB68F615C25E3C00EE1DBC /* NVQueue.m in Sources */,
				E1BB68F715C25E3C00EE1DBC /* NVSemaphore.m in Sources */,
				E1BB68F815C25E3C00EE1DBC /* NVSource.m in Sources */,
				E1BB68F915C25E3C00EE1DBC /* NSAppDelegate.m in Sources */,
				E1BB68DD15C23ADF00EE1DBC /* NVDispatchTest.m in Sources */,
				E1BB690C15C27AE100EE1DBC /* NVTimer.m in Sources */,
				E1BB691015C27B4600EE1DBC /* NVFileSource.m in Sources */,
				E1BB691415C27FBB00EE1DBC /* NVNodeSource.m in Sources */,
				E1BB691815C2822100EE1DBC /* NVMachSource.m in Sources */,
				E1BB691C15C282DC00EE1DBC /* NVProcessSource.m in Sources */,
				E1BB692015C282F000EE1DBC /* NVSignalSource.m in Sources */,
			);
			runOnlyForDeploymentPostprocessing = 0;
		};
/* End PBXSourcesBuildPhase section */

/* Begin PBXVariantGroup section */
		E18F905515BFC216004C44C4 /* InfoPlist.strings */ = {
			isa = PBXVariantGroup;
			children = (
				E18F905615BFC216004C44C4 /* en */,
			);
			name = InfoPlist.strings;
			sourceTree = "<group>";
		};
		E1BB68D815C23ADF00EE1DBC /* InfoPlist.strings */ = {
			isa = PBXVariantGroup;
			children = (
				E1BB68D915C23ADF00EE1DBC /* en */,
			);
			name = InfoPlist.strings;
			sourceTree = "<group>";
		};
/* End PBXVariantGroup section */

/* Begin XCBuildConfiguration section */
		E18F905E15BFC216004C44C4 /* Debug */ = {
			isa = XCBuildConfiguration;
			buildSettings = {
				ALWAYS_SEARCH_USER_PATHS = NO;
				CLANG_CXX_LANGUAGE_STANDARD = "gnu++0x";
				CLANG_WARN__DUPLICATE_METHOD_MATCH = YES;
				"CODE_SIGN_IDENTITY[sdk=iphoneos*]" = "iPhone Developer";
				COPY_PHASE_STRIP = NO;
				GCC_C_LANGUAGE_STANDARD = gnu99;
				GCC_DYNAMIC_NO_PIC = NO;
				GCC_OPTIMIZATION_LEVEL = 0;
				GCC_PREPROCESSOR_DEFINITIONS = (
					"DEBUG=1",
					"$(inherited)",
				);
				GCC_SYMBOLS_PRIVATE_EXTERN = NO;
				GCC_WARN_ABOUT_RETURN_TYPE = YES;
				GCC_WARN_UNINITIALIZED_AUTOS = YES;
				GCC_WARN_UNUSED_VARIABLE = YES;
				IPHONEOS_DEPLOYMENT_TARGET = 6.0;
				SDKROOT = iphoneos;
				TARGETED_DEVICE_FAMILY = "1,2";
			};
			name = Debug;
		};
		E18F905F15BFC216004C44C4 /* Release */ = {
			isa = XCBuildConfiguration;
			buildSettings = {
				ALWAYS_SEARCH_USER_PATHS = NO;
				CLANG_CXX_LANGUAGE_STANDARD = "gnu++0x";
				CLANG_WARN__DUPLICATE_METHOD_MATCH = YES;
				"CODE_SIGN_IDENTITY[sdk=iphoneos*]" = "iPhone Developer";
				COPY_PHASE_STRIP = YES;
				GCC_C_LANGUAGE_STANDARD = gnu99;
				GCC_WARN_ABOUT_RETURN_TYPE = YES;
				GCC_WARN_UNINITIALIZED_AUTOS = YES;
				GCC_WARN_UNUSED_VARIABLE = YES;
				IPHONEOS_DEPLOYMENT_TARGET = 6.0;
				OTHER_CFLAGS = "-DNS_BLOCK_ASSERTIONS=1";
				SDKROOT = iphoneos;
				TARGETED_DEVICE_FAMILY = "1,2";
				VALIDATE_PRODUCT = YES;
			};
			name = Release;
		};
		E18F906115BFC216004C44C4 /* Debug */ = {
			isa = XCBuildConfiguration;
			buildSettings = {
				FRAMEWORK_SEARCH_PATHS = "$(inherited)";
				GCC_PRECOMPILE_PREFIX_HEADER = YES;
				GCC_PREFIX_HEADER = "NSDispatch/NSDispatch-Prefix.pch";
				INFOPLIST_FILE = "NSDispatch/NSDispatch-Info.plist";
				IPHONEOS_DEPLOYMENT_TARGET = 5.0;
				PRODUCT_NAME = "$(TARGET_NAME)";
				WRAPPER_EXTENSION = app;
			};
			name = Debug;
		};
		E18F906215BFC216004C44C4 /* Release */ = {
			isa = XCBuildConfiguration;
			buildSettings = {
				FRAMEWORK_SEARCH_PATHS = "$(inherited)";
				GCC_PRECOMPILE_PREFIX_HEADER = YES;
				GCC_PREFIX_HEADER = "NSDispatch/NSDispatch-Prefix.pch";
				INFOPLIST_FILE = "NSDispatch/NSDispatch-Info.plist";
				IPHONEOS_DEPLOYMENT_TARGET = 5.0;
				PRODUCT_NAME = "$(TARGET_NAME)";
				WRAPPER_EXTENSION = app;
			};
			name = Release;
		};
		E1BB68DF15C23ADF00EE1DBC /* Debug */ = {
			isa = XCBuildConfiguration;
			buildSettings = {
				FRAMEWORK_SEARCH_PATHS = (
					"\"$(SDKROOT)/Developer/Library/Frameworks\"",
					"\"$(DEVELOPER_LIBRARY_DIR)/Frameworks\"",
				);
				GCC_PRECOMPILE_PREFIX_HEADER = YES;
				GCC_PREFIX_HEADER = "NVDispatchTest/NVDispatchTest-Prefix.pch";
				INFOPLIST_FILE = "NVDispatchTest/NVDispatchTest-Info.plist";
				PRODUCT_NAME = "$(TARGET_NAME)";
				WRAPPER_EXTENSION = octest;
			};
			name = Debug;
		};
		E1BB68E015C23ADF00EE1DBC /* Release */ = {
			isa = XCBuildConfiguration;
			buildSettings = {
				FRAMEWORK_SEARCH_PATHS = (
					"\"$(SDKROOT)/Developer/Library/Frameworks\"",
					"\"$(DEVELOPER_LIBRARY_DIR)/Frameworks\"",
				);
				GCC_PRECOMPILE_PREFIX_HEADER = YES;
				GCC_PREFIX_HEADER = "NVDispatchTest/NVDispatchTest-Prefix.pch";
				INFOPLIST_FILE = "NVDispatchTest/NVDispatchTest-Info.plist";
				PRODUCT_NAME = "$(TARGET_NAME)";
				WRAPPER_EXTENSION = octest;
			};
			name = Release;
		};
/* End XCBuildConfiguration section */

/* Begin XCConfigurationList section */
		E18F904215BFC216004C44C4 /* Build configuration list for PBXProject "NSDispatch" */ = {
			isa = XCConfigurationList;
			buildConfigurations = (
				E18F905E15BFC216004C44C4 /* Debug */,
				E18F905F15BFC216004C44C4 /* Release */,
			);
			defaultConfigurationIsVisible = 0;
			defaultConfigurationName = Release;
		};
		E18F906015BFC216004C44C4 /* Build configuration list for PBXNativeTarget "NSDispatch" */ = {
			isa = XCConfigurationList;
			buildConfigurations = (
				E18F906115BFC216004C44C4 /* Debug */,
				E18F906215BFC216004C44C4 /* Release */,
			);
			defaultConfigurationIsVisible = 0;
			defaultConfigurationName = Release;
		};
		E1BB68E115C23ADF00EE1DBC /* Build configuration list for PBXNativeTarget "NVDispatchTest" */ = {
			isa = XCConfigurationList;
			buildConfigurations = (
				E1BB68DF15C23ADF00EE1DBC /* Debug */,
				E1BB68E015C23ADF00EE1DBC /* Release */,
			);
			defaultConfigurationIsVisible = 0;
			defaultConfigurationName = Release;
		};
/* End XCConfigurationList section */
	};
	rootObject = E18F903F15BFC216004C44C4 /* Project object */;
}
